
Microsoft Visual Studio Solution File, Format Version 12.00
# Visual Studio 2012
Project("{FAE04EC0-301F-11D3-BF4B-00C04F79EFBC}") = "order1", "order1\order1.csproj", "{352EEBD4-0CA4-4061-B73F-0731BE9BF2FD}"
EndProject
Global
	GlobalSection(SolutionConfigurationPlatforms) = preSolution
		Debug|Any CPU = Debug|Any CPU
		Release|Any CPU = Release|Any CPU
	EndGlobalSection
	GlobalSection(ProjectConfigurationPlatforms) = postSolution
		{352EEBD4-0CA4-4061-B73F-0731BE9BF2FD}.Debug|Any CPU.ActiveCfg = Debug|Any CPU
		{352EEBD4-0CA4-4061-B73F-0731BE9BF2FD}.Debug|Any CPU.Build.0 = Debug|Any CPU
		{352EEBD4-0CA4-4061-B73F-0731BE9BF2FD}.Release|Any CPU.ActiveCfg = Release|Any CPU
		{352EEBD4-0CA4-4061-B73F-0731BE9BF2FD}.Release|Any CPU.Build.0 = Release|Any CPU
	EndGlobalSection
	GlobalSection(SolutionProperties) = preSolution
		HideSolutionNode = FALSE
	EndGlobalSection
EndGlobal
